
Microsoft Visual Studio Solution File, Format Version 12.00
# Visual Studio Version 17
VisualStudioVersion = 17.9.34728.123
MinimumVisualStudioVersion = 10.0.40219.1
Project("{FAE04EC0-301F-11D3-BF4B-00C04F79EFBC}") = "SingleResponcibilityPrinciple", "..\SingleResponcibilityPrinciple\SingleResponcibilityPrinciple.csproj", "{CE326ADE-300F-4A20-9FC0-50976C5FF081}"
EndProject
Project("{FAE04EC0-301F-11D3-BF4B-00C04F79EFBC}") = "OpenClosedPrinciple", "..\OpenClosedPrinciple\OpenClosedPrinciple.csproj", "{D05C62E0-C209-4A77-906A-DA3D2783F3F4}"
EndProject
Project("{FAE04EC0-301F-11D3-BF4B-00C04F79EFBC}") = "LiskowSubstitutionPrinciple", "..\LiskowSubstitutionPrinciple\LiskowSubstitutionPrinciple.csproj", "{FCBE81D7-98AB-48B0-A1C2-4B1D6F43C12E}"
EndProject
Project("{FAE04EC0-301F-11D3-BF4B-00C04F79EFBC}") = "InterfaceSegregationPrinciple", "..\InterfaceSegregationPrinciple\InterfaceSegregationPrinciple.csproj", "{0380F695-AC9B-4706-80BD-213C10F19C8D}"
EndProject
Project("{FAE04EC0-301F-11D3-BF4B-00C04F79EFBC}") = "DependencyInversionPrinciple", "..\DependencyInversionPrinciple\DependencyInversionPrinciple.csproj", "{0E6D728A-DB16-4B5B-8D7D-49EC9376D2A6}"
EndProject
Global
	GlobalSection(SolutionConfigurationPlatforms) = preSolution
		Debug|Any CPU = Debug|Any CPU
		Release|Any CPU = Release|Any CPU
	EndGlobalSection
	GlobalSection(ProjectConfigurationPlatforms) = postSolution
		{CE326ADE-300F-4A20-9FC0-50976C5FF081}.Debug|Any CPU.ActiveCfg = Debug|Any CPU
		{CE326ADE-300F-4A20-9FC0-50976C5FF081}.Debug|Any CPU.Build.0 = Debug|Any CPU
		{CE326ADE-300F-4A20-9FC0-50976C5FF081}.Release|Any CPU.ActiveCfg = Release|Any CPU
		{CE326ADE-300F-4A20-9FC0-50976C5FF081}.Release|Any CPU.Build.0 = Release|Any CPU
		{D05C62E0-C209-4A77-906A-DA3D2783F3F4}.Debug|Any CPU.ActiveCfg = Debug|Any CPU
		{D05C62E0-C209-4A77-906A-DA3D2783F3F4}.Debug|Any CPU.Build.0 = Debug|Any CPU
		{D05C62E0-C209-4A77-906A-DA3D2783F3F4}.Release|Any CPU.ActiveCfg = Release|Any CPU
		{D05C62E0-C209-4A77-906A-DA3D2783F3F4}.Release|Any CPU.Build.0 = Release|Any CPU
		{FCBE81D7-98AB-48B0-A1C2-4B1D6F43C12E}.Debug|Any CPU.ActiveCfg = Debug|Any CPU
		{FCBE81D7-98AB-48B0-A1C2-4B1D6F43C12E}.Debug|Any CPU.Build.0 = Debug|Any CPU
		{FCBE81D7-98AB-48B0-A1C2-4B1D6F43C12E}.Release|Any CPU.ActiveCfg = Release|Any CPU
		{FCBE81D7-98AB-48B0-A1C2-4B1D6F43C12E}.Release|Any CPU.Build.0 = Release|Any CPU
		{0380F695-AC9B-4706-80BD-213C10F19C8D}.Debug|Any CPU.ActiveCfg = Debug|Any CPU
		{0380F695-AC9B-4706-80BD-213C10F19C8D}.Debug|Any CPU.Build.0 = Debug|Any CPU
		{0380F695-AC9B-4706-80BD-213C10F19C8D}.Release|Any CPU.ActiveCfg = Release|Any CPU
		{0380F695-AC9B-4706-80BD-213C10F19C8D}.Release|Any CPU.Build.0 = Release|Any CPU
		{0E6D728A-DB16-4B5B-8D7D-49EC9376D2A6}.Debug|Any CPU.ActiveCfg = Debug|Any CPU
		{0E6D728A-DB16-4B5B-8D7D-49EC9376D2A6}.Debug|Any CPU.Build.0 = Debug|Any CPU
		{0E6D728A-DB16-4B5B-8D7D-49EC9376D2A6}.Release|Any CPU.ActiveCfg = Release|Any CPU
		{0E6D728A-DB16-4B5B-8D7D-49EC9376D2A6}.Release|Any CPU.Build.0 = Release|Any CPU
	EndGlobalSection
	GlobalSection(SolutionProperties) = preSolution
		HideSolutionNode = FALSE
	EndGlobalSection
	GlobalSection(ExtensibilityGlobals) = postSolution
		SolutionGuid = {14460898-DF7F-4675-81F7-9754C05B247B}
	EndGlobalSection
EndGlobal
